
Microsoft Visual Studio Solution File, Format Version 11.00
# Visual Studio 2010
Project("{FAE04EC0-301F-11D3-BF4B-00C04F79EFBC}") = "PowerShellCall", "PowerShellCall\PowerShellCall.csproj", "{C21A6430-BFDE-42F7-95B0-73FC185DBC2C}"
EndProject
Global
	GlobalSection(SolutionConfigurationPlatforms) = preSolution
		Debug|Any CPU = Debug|Any CPU
		Release|Any CPU = Release|Any CPU
	EndGlobalSection
	GlobalSection(ProjectConfigurationPlatforms) = postSolution
		{C21A6430-BFDE-42F7-95B0-73FC185DBC2C}.Debug|Any CPU.ActiveCfg = Debug|Any CPU
		{C21A6430-BFDE-42F7-95B0-73FC185DBC2C}.Debug|Any CPU.Build.0 = Debug|Any CPU
		{C21A6430-BFDE-42F7-95B0-73FC185DBC2C}.Release|Any CPU.ActiveCfg = Release|Any CPU
		{C21A6430-BFDE-42F7-95B0-73FC185DBC2C}.Release|Any CPU.Build.0 = Release|Any CPU
	EndGlobalSection
	GlobalSection(SolutionProperties) = preSolution
		HideSolutionNode = FALSE
	EndGlobalSection
EndGlobal
